<Solution>
  <Project Path="../LovatoOpticalApp.Core/LovatoOpticalApp.Core.csproj" />
  <Project Path="../LovatoOpticalApp.Infrastructure/LovatoOpticalApp.Application.csproj" />
  <Project Path="../LovatoOpticalApp.Persistence/LovatoOpticalApp.Persistence.csproj" />
  <Project Path="LovatoOpticalApp.csproj" />
</Solution>
